// !$*UTF8*$!
{
	archiveVersion = 1;
	classes = {
	};
	objectVersion = 56;
	objects = {

/* Begin PBXBuildFile section */
		BEF197DA2B9A0BA60063AD0A /* ComplexAnimationApp.swift in Sources */ = {isa = PBXBuildFile; fileRef = BEF197D92B9A0BA60063AD0A /* ComplexAnimationApp.swift */; };
		BEF197DC2B9A0BA60063AD0A /* ContentView.swift in Sources */ = {isa = PBXBuildFile; fileRef = BEF197DB2B9A0BA60063AD0A /* ContentView.swift */; };
		BEF197DE2B9A0BA90063AD0A /* Assets.xcassets in Resources */ = {isa = PBXBuildFile; fileRef = BEF197DD2B9A0BA90063AD0A /* Assets.xcassets */; };
		BEF197E12B9A0BA90063AD0A /* Preview Assets.xcassets in Resources */ = {isa = PBXBuildFile; fileRef = BEF197E02B9A0BA90063AD0A /* Preview Assets.xcassets */; };
		BEF197E92B9A0BCD0063AD0A /* Book.swift in Sources */ = {isa = PBXBuildFile; fileRef = BEF197E82B9A0BCD0063AD0A /* Book.swift */; };
		BEF197EE2B9A0CDA0063AD0A /* HomeView.swift in Sources */ = {isa = PBXBuildFile; fileRef = BEF197ED2B9A0CDA0063AD0A /* HomeView.swift */; };
		BEF197F02B9A10580063AD0A /* RatingView.swift in Sources */ = {isa = PBXBuildFile; fileRef = BEF197EF2B9A10580063AD0A /* RatingView.swift */; };
		BEF197F22B9A16D50063AD0A /* DetailView.swift in Sources */ = {isa = PBXBuildFile; fileRef = BEF197F12B9A16D50063AD0A /* DetailView.swift */; };
/* End PBXBuildFile section */

/* Begin PBXFileReference section */
		BEF197D62B9A0BA60063AD0A /* ComplexAnimation.app */ = {isa = PBXFileReference; explicitFileType = wrapper.application; includeInIndex = 0; path = ComplexAnimation.app; sourceTree = BUILT_PRODUCTS_DIR; };
		BEF197D92B9A0BA60063AD0A /* ComplexAnimationApp.swift */ = {isa = PBXFileReference; lastKnownFileType = sourcecode.swift; path = ComplexAnimationApp.swift; sourceTree = "<group>"; };
		BEF197DB2B9A0BA60063AD0A /* ContentView.swift */ = {isa = PBXFileReference; lastKnownFileType = sourcecode.swift; path = ContentView.swift; sourceTree = "<group>"; };
		BEF197DD2B9A0BA90063AD0A /* Assets.xcassets */ = {isa = PBXFileReference; lastKnownFileType = folder.assetcatalog; path = Assets.xcassets; sourceTree = "<group>"; };
		BEF197E02B9A0BA90063AD0A /* Preview Assets.xcassets */ = {isa = PBXFileReference; lastKnownFileType = folder.assetcatalog; path = "Preview Assets.xcassets"; sourceTree = "<group>"; };
		BEF197E82B9A0BCD0063AD0A /* Book.swift */ = {isa = PBXFileReference; lastKnownFileType = sourcecode.swift; path = Book.swift; sourceTree = "<group>"; };
		BEF197ED2B9A0CDA0063AD0A /* HomeView.swift */ = {isa = PBXFileReference; lastKnownFileType = sourcecode.swift; path = HomeView.swift; sourceTree = "<group>"; };
		BEF197EF2B9A10580063AD0A /* RatingView.swift */ = {isa = PBXFileReference; lastKnownFileType = sourcecode.swift; path = RatingView.swift; sourceTree = "<group>"; };
		BEF197F12B9A16D50063AD0A /* DetailView.swift */ = {isa = PBXFileReference; lastKnownFileType = sourcecode.swift; path = DetailView.swift; sourceTree = "<group>"; };
/* End PBXFileReference section */

/* Begin PBXFrameworksBuildPhase section */
		BEF197D32B9A0BA60063AD0A /* Frameworks */ = {
			isa = PBXFrameworksBuildPhase;
			buildActionMask = 2147483647;
			files = (
			);
			runOnlyForDeploymentPostprocessing = 0;
		};
/* End PBXFrameworksBuildPhase section */

/* Begin PBXGroup section */
		BEF197CD2B9A0BA60063AD0A = {
			isa = PBXGroup;
			children = (
				BEF197D82B9A0BA60063AD0A /* ComplexAnimation */,
				BEF197D72B9A0BA60063AD0A /* Products */,
			);
			sourceTree = "<group>";
		};
		BEF197D72B9A0BA60063AD0A /* Products */ = {
			isa = PBXGroup;
			children = (
				BEF197D62B9A0BA60063AD0A /* ComplexAnimation.app */,
			);
			name = Products;
			sourceTree = "<group>";
		};
		BEF197D82B9A0BA60063AD0A /* ComplexAnimation */ = {
			isa = PBXGroup;
			children = (
				BEF197EC2B9A0CB40063AD0A /* Views */,
				BEF197E72B9A0BBE0063AD0A /* Models */,
				BEF197D92B9A0BA60063AD0A /* ComplexAnimationApp.swift */,
				BEF197DB2B9A0BA60063AD0A /* ContentView.swift */,
				BEF197DD2B9A0BA90063AD0A /* Assets.xcassets */,
				BEF197DF2B9A0BA90063AD0A /* Preview Content */,
			);
			path = ComplexAnimation;
			sourceTree = "<group>";
		};
		BEF197DF2B9A0BA90063AD0A /* Preview Content */ = {
			isa = PBXGroup;
			children = (
				BEF197E02B9A0BA90063AD0A /* Preview Assets.xcassets */,
			);
			path = "Preview Content";
			sourceTree = "<group>";
		};
		BEF197E72B9A0BBE0063AD0A /* Models */ = {
			isa = PBXGroup;
			children = (
				BEF197E82B9A0BCD0063AD0A /* Book.swift */,
			);
			path = Models;
			sourceTree = "<group>";
		};
		BEF197EC2B9A0CB40063AD0A /* Views */ = {
			isa = PBXGroup;
			children = (
				BEF197ED2B9A0CDA0063AD0A /* HomeView.swift */,
				BEF197EF2B9A10580063AD0A /* RatingView.swift */,
				BEF197F12B9A16D50063AD0A /* DetailView.swift */,
			);
			path = Views;
			sourceTree = "<group>";
		};
/* End PBXGroup section */

/* Begin PBXNativeTarget section */
		BEF197D52B9A0BA60063AD0A /* ComplexAnimation */ = {
			isa = PBXNativeTarget;
			buildConfigurationList = BEF197E42B9A0BA90063AD0A /* Build configuration list for PBXNativeTarget "ComplexAnimation" */;
			buildPhases = (
				BEF197D22B9A0BA60063AD0A /* Sources */,
				BEF197D32B9A0BA60063AD0A /* Frameworks */,
				BEF197D42B9A0BA60063AD0A /* Resources */,
			);
			buildRules = (
			);
			dependencies = (
			);
			name = ComplexAnimation;
			productName = ComplexAnimation;
			productReference = BEF197D62B9A0BA60063AD0A /* ComplexAnimation.app */;
			productType = "com.apple.product-type.application";
		};
/* End PBXNativeTarget section */

/* Begin PBXProject section */
		BEF197CE2B9A0BA60063AD0A /* Project object */ = {
			isa = PBXProject;
			attributes = {
				BuildIndependentTargetsInParallel = 1;
				LastSwiftUpdateCheck = 1530;
				LastUpgradeCheck = 1530;
				TargetAttributes = {
					BEF197D52B9A0BA60063AD0A = {
						CreatedOnToolsVersion = 15.3;
					};
				};
			};
			buildConfigurationList = BEF197D12B9A0BA60063AD0A /* Build configuration list for PBXProject "ComplexAnimation" */;
			compatibilityVersion = "Xcode 14.0";
			developmentRegion = en;
			hasScannedForEncodings = 0;
			knownRegions = (
				en,
				Base,
			);
			mainGroup = BEF197CD2B9A0BA60063AD0A;
			productRefGroup = BEF197D72B9A0BA60063AD0A /* Products */;
			projectDirPath = "";
			projectRoot = "";
			targets = (
				BEF197D52B9A0BA60063AD0A /* ComplexAnimation */,
			);
		};
/* End PBXProject section */

/* Begin PBXResourcesBuildPhase section */
		BEF197D42B9A0BA60063AD0A /* Resources */ = {
			isa = PBXResourcesBuildPhase;
			buildActionMask = 2147483647;
			files = (
				BEF197E12B9A0BA90063AD0A /* Preview Assets.xcassets in Resources */,
				BEF197DE2B9A0BA90063AD0A /* Assets.xcassets in Resources */,
			);
			runOnlyForDeploymentPostprocessing = 0;
		};
/* End PBXResourcesBuildPhase section */

/* Begin PBXSourcesBuildPhase section */
		BEF197D22B9A0BA60063AD0A /* Sources */ = {
			isa = PBXSourcesBuildPhase;
			buildActionMask = 2147483647;
			files = (
				BEF197DC2B9A0BA60063AD0A /* ContentView.swift in Sources */,
				BEF197F22B9A16D50063AD0A /* DetailView.swift in Sources */,
				BEF197EE2B9A0CDA0063AD0A /* HomeView.swift in Sources */,
				BEF197DA2B9A0BA60063AD0A /* ComplexAnimationApp.swift in Sources */,
				BEF197F02B9A10580063AD0A /* RatingView.swift in Sources */,
				BEF197E92B9A0BCD0063AD0A /* Book.swift in Sources */,
			);
			runOnlyForDeploymentPostprocessing = 0;
		};
/* End PBXSourcesBuildPhase section */

/* Begin XCBuildConfiguration section */
		BEF197E22B9A0BA90063AD0A /* Debug */ = {
			isa = XCBuildConfiguration;
			buildSettings = {
				ALWAYS_SEARCH_USER_PATHS = NO;
				ASSETCATALOG_COMPILER_GENERATE_SWIFT_ASSET_SYMBOL_EXTENSIONS = YES;
				CLANG_ANALYZER_NONNULL = YES;
				CLANG_ANALYZER_NUMBER_OBJECT_CONVERSION = YES_AGGRESSIVE;
				CLANG_CXX_LANGUAGE_STANDARD = "gnu++20";
				CLANG_ENABLE_MODULES = YES;
				CLANG_ENABLE_OBJC_ARC = YES;
				CLANG_ENABLE_OBJC_WEAK = YES;
				CLANG_WARN_BLOCK_CAPTURE_AUTORELEASING = YES;
				CLANG_WARN_BOOL_CONVERSION = YES;
				CLANG_WARN_COMMA = YES;
				CLANG_WARN_CONSTANT_CONVERSION = YES;
				CLANG_WARN_DEPRECATED_OBJC_IMPLEMENTATIONS = YES;
				CLANG_WARN_DIRECT_OBJC_ISA_USAGE = YES_ERROR;
				CLANG_WARN_DOCUMENTATION_COMMENTS = YES;
				CLANG_WARN_EMPTY_BODY = YES;
				CLANG_WARN_ENUM_CONVERSION = YES;
				CLANG_WARN_INFINITE_RECURSION = YES;
				CLANG_WARN_INT_CONVERSION = YES;
				CLANG_WARN_NON_LITERAL_NULL_CONVERSION = YES;
				CLANG_WARN_OBJC_IMPLICIT_RETAIN_SELF = YES;
				CLANG_WARN_OBJC_LITERAL_CONVERSION = YES;
				CLANG_WARN_OBJC_ROOT_CLASS = YES_ERROR;
				CLANG_WARN_QUOTED_INCLUDE_IN_FRAMEWORK_HEADER = YES;
				CLANG_WARN_RANGE_LOOP_ANALYSIS = YES;
				CLANG_WARN_STRICT_PROTOTYPES = YES;
				CLANG_WARN_SUSPICIOUS_MOVE = YES;
				CLANG_WARN_UNGUARDED_AVAILABILITY = YES_AGGRESSIVE;
				CLANG_WARN_UNREACHABLE_CODE = YES;
				CLANG_WARN__DUPLICATE_METHOD_MATCH = YES;
				COPY_PHASE_STRIP = NO;
				DEBUG_INFORMATION_FORMAT = dwarf;
				ENABLE_STRICT_OBJC_MSGSEND = YES;
				ENABLE_TESTABILITY = YES;
				ENABLE_USER_SCRIPT_SANDBOXING = YES;
				GCC_C_LANGUAGE_STANDARD = gnu17;
				GCC_DYNAMIC_NO_PIC = NO;
				GCC_NO_COMMON_BLOCKS = YES;
				GCC_OPTIMIZATION_LEVEL = 0;
				GCC_PREPROCESSOR_DEFINITIONS = (
					"DEBUG=1",
					"$(inherited)",
				);
				GCC_WARN_64_TO_32_BIT_CONVERSION = YES;
				GCC_WARN_ABOUT_RETURN_TYPE = YES_ERROR;
				GCC_WARN_UNDECLARED_SELECTOR = YES;
				GCC_WARN_UNINITIALIZED_AUTOS = YES_AGGRESSIVE;
				GCC_WARN_UNUSED_FUNCTION = YES;
				GCC_WARN_UNUSED_VARIABLE = YES;
				IPHONEOS_DEPLOYMENT_TARGET = 17.4;
				LOCALIZATION_PREFERS_STRING_CATALOGS = YES;
				MTL_ENABLE_DEBUG_INFO = INCLUDE_SOURCE;
				MTL_FAST_MATH = YES;
				ONLY_ACTIVE_ARCH = YES;
				SDKROOT = iphoneos;
				SWIFT_ACTIVE_COMPILATION_CONDITIONS = "DEBUG $(inherited)";
				SWIFT_OPTIMIZATION_LEVEL = "-Onone";
			};
			name = Debug;
		};
		BEF197E32B9A0BA90063AD0A /* Release */ = {
			isa = XCBuildConfiguration;
			buildSettings = {
				ALWAYS_SEARCH_USER_PATHS = NO;
				ASSETCATALOG_COMPILER_GENERATE_SWIFT_ASSET_SYMBOL_EXTENSIONS = YES;
				CLANG_ANALYZER_NONNULL = YES;
				CLANG_ANALYZER_NUMBER_OBJECT_CONVERSION = YES_AGGRESSIVE;
				CLANG_CXX_LANGUAGE_STANDARD = "gnu++20";
				CLANG_ENABLE_MODULES = YES;
				CLANG_ENABLE_OBJC_ARC = YES;
				CLANG_ENABLE_OBJC_WEAK = YES;
				CLANG_WARN_BLOCK_CAPTURE_AUTORELEASING = YES;
				CLANG_WARN_BOOL_CONVERSION = YES;
				CLANG_WARN_COMMA = YES;
				CLANG_WARN_CONSTANT_CONVERSION = YES;
				CLANG_WARN_DEPRECATED_OBJC_IMPLEMENTATIONS = YES;
				CLANG_WARN_DIRECT_OBJC_ISA_USAGE = YES_ERROR;
				CLANG_WARN_DOCUMENTATION_COMMENTS = YES;
				CLANG_WARN_EMPTY_BODY = YES;
				CLANG_WARN_ENUM_CONVERSION = YES;
				CLANG_WARN_INFINITE_RECURSION = YES;
				CLANG_WARN_INT_CONVERSION = YES;
				CLANG_WARN_NON_LITERAL_NULL_CONVERSION = YES;
				CLANG_WARN_OBJC_IMPLICIT_RETAIN_SELF = YES;
				CLANG_WARN_OBJC_LITERAL_CONVERSION = YES;
				CLANG_WARN_OBJC_ROOT_CLASS = YES_ERROR;
				CLANG_WARN_QUOTED_INCLUDE_IN_FRAMEWORK_HEADER = YES;
				CLANG_WARN_RANGE_LOOP_ANALYSIS = YES;
				CLANG_WARN_STRICT_PROTOTYPES = YES;
				CLANG_WARN_SUSPICIOUS_MOVE = YES;
				CLANG_WARN_UNGUARDED_AVAILABILITY = YES_AGGRESSIVE;
				CLANG_WARN_UNREACHABLE_CODE = YES;
				CLANG_WARN__DUPLICATE_METHOD_MATCH = YES;
				COPY_PHASE_STRIP = NO;
				DEBUG_INFORMATION_FORMAT = "dwarf-with-dsym";
				ENABLE_NS_ASSERTIONS = NO;
				ENABLE_STRICT_OBJC_MSGSEND = YES;
				ENABLE_USER_SCRIPT_SANDBOXING = YES;
				GCC_C_LANGUAGE_STANDARD = gnu17;
				GCC_NO_COMMON_BLOCKS = YES;
				GCC_WARN_64_TO_32_BIT_CONVERSION = YES;
				GCC_WARN_ABOUT_RETURN_TYPE = YES_ERROR;
				GCC_WARN_UNDECLARED_SELECTOR = YES;
				GCC_WARN_UNINITIALIZED_AUTOS = YES_AGGRESSIVE;
				GCC_WARN_UNUSED_FUNCTION = YES;
				GCC_WARN_UNUSED_VARIABLE = YES;
				IPHONEOS_DEPLOYMENT_TARGET = 17.4;
				LOCALIZATION_PREFERS_STRING_CATALOGS = YES;
				MTL_ENABLE_DEBUG_INFO = NO;
				MTL_FAST_MATH = YES;
				SDKROOT = iphoneos;
				SWIFT_COMPILATION_MODE = wholemodule;
				VALIDATE_PRODUCT = YES;
			};
			name = Release;
		};
		BEF197E52B9A0BA90063AD0A /* Debug */ = {
			isa = XCBuildConfiguration;
			buildSettings = {
				ASSETCATALOG_COMPILER_APPICON_NAME = AppIcon;
				ASSETCATALOG_COMPILER_GLOBAL_ACCENT_COLOR_NAME = AccentColor;
				CODE_SIGN_STYLE = Automatic;
				CURRENT_PROJECT_VERSION = 1;
				DEVELOPMENT_ASSET_PATHS = "\"ComplexAnimation/Preview Content\"";
				DEVELOPMENT_TEAM = D6LZWF2S6D;
				ENABLE_PREVIEWS = YES;
				GENERATE_INFOPLIST_FILE = YES;
				INFOPLIST_KEY_UIApplicationSceneManifest_Generation = YES;
				INFOPLIST_KEY_UIApplicationSupportsIndirectInputEvents = YES;
				INFOPLIST_KEY_UILaunchScreen_Generation = YES;
				INFOPLIST_KEY_UISupportedInterfaceOrientations_iPad = "UIInterfaceOrientationPortrait UIInterfaceOrientationPortraitUpsideDown UIInterfaceOrientationLandscapeLeft UIInterfaceOrientationLandscapeRight";
				INFOPLIST_KEY_UISupportedInterfaceOrientations_iPhone = "UIInterfaceOrientationPortrait UIInterfaceOrientationLandscapeLeft UIInterfaceOrientationLandscapeRight";
				LD_RUNPATH_SEARCH_PATHS = (
					"$(inherited)",
					"@executable_path/Frameworks",
				);
				MARKETING_VERSION = 1.0;
				PRODUCT_BUNDLE_IDENTIFIER = pouyasari.ComplexAnimation;
				PRODUCT_NAME = "$(TARGET_NAME)";
				SWIFT_EMIT_LOC_STRINGS = YES;
				SWIFT_VERSION = 5.0;
				TARGETED_DEVICE_FAMILY = "1,2";
			};
			name = Debug;
		};
		BEF197E62B9A0BA90063AD0A /* Release */ = {
			isa = XCBuildConfiguration;
			buildSettings = {
				ASSETCATALOG_COMPILER_APPICON_NAME = AppIcon;
				ASSETCATALOG_COMPILER_GLOBAL_ACCENT_COLOR_NAME = AccentColor;
				CODE_SIGN_STYLE = Automatic;
				CURRENT_PROJECT_VERSION = 1;
				DEVELOPMENT_ASSET_PATHS = "\"ComplexAnimation/Preview Content\"";
				DEVELOPMENT_TEAM = D6LZWF2S6D;
				ENABLE_PREVIEWS = YES;
				GENERATE_INFOPLIST_FILE = YES;
				INFOPLIST_KEY_UIApplicationSceneManifest_Generation = YES;
				INFOPLIST_KEY_UIApplicationSupportsIndirectInputEvents = YES;
				INFOPLIST_KEY_UILaunchScreen_Generation = YES;
				INFOPLIST_KEY_UISupportedInterfaceOrientations_iPad = "UIInterfaceOrientationPortrait UIInterfaceOrientationPortraitUpsideDown UIInterfaceOrientationLandscapeLeft UIInterfaceOrientationLandscapeRight";
				INFOPLIST_KEY_UISupportedInterfaceOrientations_iPhone = "UIInterfaceOrientationPortrait UIInterfaceOrientationLandscapeLeft UIInterfaceOrientationLandscapeRight";
				LD_RUNPATH_SEARCH_PATHS = (
					"$(inherited)",
					"@executable_path/Frameworks",
				);
				MARKETING_VERSION = 1.0;
				PRODUCT_BUNDLE_IDENTIFIER = pouyasari.ComplexAnimation;
				PRODUCT_NAME = "$(TARGET_NAME)";
				SWIFT_EMIT_LOC_STRINGS = YES;
				SWIFT_VERSION = 5.0;
				TARGETED_DEVICE_FAMILY = "1,2";
			};
			name = Release;
		};
/* End XCBuildConfiguration section */

/* Begin XCConfigurationList section */
		BEF197D12B9A0BA60063AD0A /* Build configuration list for PBXProject "ComplexAnimation" */ = {
			isa = XCConfigurationList;
			buildConfigurations = (
				BEF197E22B9A0BA90063AD0A /* Debug */,
				BEF197E32B9A0BA90063AD0A /* Release */,
			);
			defaultConfigurationIsVisible = 0;
			defaultConfigurationName = Release;
		};
		BEF197E42B9A0BA90063AD0A /* Build configuration list for PBXNativeTarget "ComplexAnimation" */ = {
			isa = XCConfigurationList;
			buildConfigurations = (
				BEF197E52B9A0BA90063AD0A /* Debug */,
				BEF197E62B9A0BA90063AD0A /* Release */,
			);
			defaultConfigurationIsVisible = 0;
			defaultConfigurationName = Release;
		};
/* End XCConfigurationList section */
	};
	rootObject = BEF197CE2B9A0BA60063AD0A /* Project object */;
}
